
Microsoft Visual Studio Solution File, Format Version 12.00
# Visual Studio Version 17
VisualStudioVersion = 17.3.32804.467
MinimumVisualStudioVersion = 10.0.40219.1
Project("{9A19103F-16F7-4668-BE54-9A1E7A4F7556}") = "Job", "Job\Job.csproj", "{7889BAD5-0B68-4F28-A613-CEC41D7B6059}"
EndProject
Project("{9A19103F-16F7-4668-BE54-9A1E7A4F7556}") = "Metric", "Metric\Metric.csproj", "{6EE712C0-AA3A-44BE-AD98-5090EF9FD5D3}"
EndProject
Project("{FAE04EC0-301F-11D3-BF4B-00C04F79EFBC}") = "API", "..\API\API.csproj", "{91BF69AB-E09A-4D5D-BF97-CA95443A3835}"
EndProject
Global
	GlobalSection(SolutionConfigurationPlatforms) = preSolution
		Debug|Any CPU = Debug|Any CPU
		Release|Any CPU = Release|Any CPU
	EndGlobalSection
	GlobalSection(ProjectConfigurationPlatforms) = postSolution
		{7889BAD5-0B68-4F28-A613-CEC41D7B6059}.Debug|Any CPU.ActiveCfg = Debug|Any CPU
		{7889BAD5-0B68-4F28-A613-CEC41D7B6059}.Debug|Any CPU.Build.0 = Debug|Any CPU
		{7889BAD5-0B68-4F28-A613-CEC41D7B6059}.Release|Any CPU.ActiveCfg = Release|Any CPU
		{7889BAD5-0B68-4F28-A613-CEC41D7B6059}.Release|Any CPU.Build.0 = Release|Any CPU
		{6EE712C0-AA3A-44BE-AD98-5090EF9FD5D3}.Debug|Any CPU.ActiveCfg = Debug|Any CPU
		{6EE712C0-AA3A-44BE-AD98-5090EF9FD5D3}.Debug|Any CPU.Build.0 = Debug|Any CPU
		{6EE712C0-AA3A-44BE-AD98-5090EF9FD5D3}.Release|Any CPU.ActiveCfg = Release|Any CPU
		{6EE712C0-AA3A-44BE-AD98-5090EF9FD5D3}.Release|Any CPU.Build.0 = Release|Any CPU
		{91BF69AB-E09A-4D5D-BF97-CA95443A3835}.Debug|Any CPU.ActiveCfg = Debug|Any CPU
		{91BF69AB-E09A-4D5D-BF97-CA95443A3835}.Debug|Any CPU.Build.0 = Debug|Any CPU
		{91BF69AB-E09A-4D5D-BF97-CA95443A3835}.Release|Any CPU.ActiveCfg = Release|Any CPU
		{91BF69AB-E09A-4D5D-BF97-CA95443A3835}.Release|Any CPU.Build.0 = Release|Any CPU
	EndGlobalSection
	GlobalSection(SolutionProperties) = preSolution
		HideSolutionNode = FALSE
	EndGlobalSection
	GlobalSection(ExtensibilityGlobals) = postSolution
		SolutionGuid = {8AD01A44-2EC1-4990-9978-39E9D8B284DF}
	EndGlobalSection
EndGlobal
